
Microsoft Visual Studio Solution File, Format Version 12.00
# Visual Studio Version 17
VisualStudioVersion = 17.9.34616.47
MinimumVisualStudioVersion = 10.0.40219.1
Project("{FAE04EC0-301F-11D3-BF4B-00C04F79EFBC}") = "Aula_20-03", "Aula_20-03.csproj", "{BCBEF47E-50CC-4708-ACD9-927DCD44830C}"
EndProject
Global
	GlobalSection(SolutionConfigurationPlatforms) = preSolution
		Debug|Any CPU = Debug|Any CPU
		Release|Any CPU = Release|Any CPU
	EndGlobalSection
	GlobalSection(ProjectConfigurationPlatforms) = postSolution
		{BCBEF47E-50CC-4708-ACD9-927DCD44830C}.Debug|Any CPU.ActiveCfg = Debug|Any CPU
		{BCBEF47E-50CC-4708-ACD9-927DCD44830C}.Debug|Any CPU.Build.0 = Debug|Any CPU
		{BCBEF47E-50CC-4708-ACD9-927DCD44830C}.Release|Any CPU.ActiveCfg = Release|Any CPU
		{BCBEF47E-50CC-4708-ACD9-927DCD44830C}.Release|Any CPU.Build.0 = Release|Any CPU
	EndGlobalSection
	GlobalSection(SolutionProperties) = preSolution
		HideSolutionNode = FALSE
	EndGlobalSection
	GlobalSection(ExtensibilityGlobals) = postSolution
		SolutionGuid = {7FECA795-7BE7-4F8E-BA91-A640FE0A2F37}
	EndGlobalSection
EndGlobal
