
Microsoft Visual Studio Solution File, Format Version 12.00
# Visual Studio Version 17
VisualStudioVersion = 17.9.34616.47
MinimumVisualStudioVersion = 10.0.40219.1
Project("{FAE04EC0-301F-11D3-BF4B-00C04F79EFBC}") = "AtividadeAvaliativa_Multas", "AtividadeAvaliativa_Multas.csproj", "{8FB89AE1-6B3F-4DE6-98A3-E53A44937592}"
EndProject
Global
	GlobalSection(SolutionConfigurationPlatforms) = preSolution
		Debug|Any CPU = Debug|Any CPU
		Release|Any CPU = Release|Any CPU
	EndGlobalSection
	GlobalSection(ProjectConfigurationPlatforms) = postSolution
		{8FB89AE1-6B3F-4DE6-98A3-E53A44937592}.Debug|Any CPU.ActiveCfg = Debug|Any CPU
		{8FB89AE1-6B3F-4DE6-98A3-E53A44937592}.Debug|Any CPU.Build.0 = Debug|Any CPU
		{8FB89AE1-6B3F-4DE6-98A3-E53A44937592}.Release|Any CPU.ActiveCfg = Release|Any CPU
		{8FB89AE1-6B3F-4DE6-98A3-E53A44937592}.Release|Any CPU.Build.0 = Release|Any CPU
	EndGlobalSection
	GlobalSection(SolutionProperties) = preSolution
		HideSolutionNode = FALSE
	EndGlobalSection
	GlobalSection(ExtensibilityGlobals) = postSolution
		SolutionGuid = {2876E7C5-FDB0-4631-8B4A-8C1BB90B423B}
	EndGlobalSection
EndGlobal
